hash: a4c8bbafded9c7f800f6c6fbd58786eb788670a4e074f1202dbb3bd26a2eb651
updated: 2018-02-27T15:33:37.271720932+07:00
imports:
- name: github.com/alexsasharegan/dotenv
  version: 090a4d1b5d42ce7c3577c42f282b55fc45d5eab1
- name: github.com/gorilla/context
  version: 08b5f424b9271eedf6f9f0ce86cb9396ed337a42
- name: github.com/gorilla/handlers
  version: 90663712d74cb411cbef281bc1e08c19d1a76145
- name: github.com/gorilla/mux
  version: 53c1911da2b537f792e7cafcb446b05ffe33b996
testImports: []
