hash: fa933fd83c5287edd2cc6393ef8a561d439ed318c675cf5b8ed1ca53c35a3ee5
updated: 2018-02-27T10:25:38.920644756+07:00
imports:
- name: github.com/gorilla/handlers
  version: 90663712d74cb411cbef281bc1e08c19d1a76145
- name: github.com/gorilla/mux
  version: 53c1911da2b537f792e7cafcb446b05ffe33b996
testImports: []
